<Solution>
  <Folder Name="/src/">
    <Project Path="src/CountriesCities.Application/CountriesCities.Application.csproj" />
    <Project Path="src/CountriesCities.Domain/CountriesCities.Domain.csproj" />
    <Project Path="src/CountriesCities.Infrastructure/CountriesCities.Infrastructure.csproj" />
  </Folder>
  <Project Path="src/CountriesCities.API/CountriesCities.API.csproj" />
</Solution>
